<?xml version="1.0" encoding="UTF-8"?>
<CodeBlocks_project_file>
	<FileVersion major="1" minor="6"/>
	<Project>
		<Option title="ParticleToy"/>
		<Option makefile_is_custom="1"/>
		<Option compiler="gcc"/>
		<Option virtualFolders="CMake Files\;"/>
		<Build>
			<Target title="all">
				<Option working_dir="/Users/ruudandriessen/study/2imv15 - Simulation in computer graphics/Assignment1/ParticleToy"/>
				<Option type="4"/>
				<MakeCommands>
					<Build command="/usr/bin/make -j8 -f &quot;/Users/ruudandriessen/study/2imv15\ -\ Simulation\ in\ computer\ graphics/Assignment1/ParticleToy/Makefile&quot;  VERBOSE=1 all"/>
					<CompileFile command="/usr/bin/make -j8 -f &quot;/Users/ruudandriessen/study/2imv15\ -\ Simulation\ in\ computer\ graphics/Assignment1/ParticleToy/Makefile&quot;  VERBOSE=1 &quot;$file&quot;"/>
					<Clean command="/usr/bin/make -j8 -f &quot;/Users/ruudandriessen/study/2imv15\ -\ Simulation\ in\ computer\ graphics/Assignment1/ParticleToy/Makefile&quot;  VERBOSE=1 clean"/>
					<DistClean command="/usr/bin/make -j8 -f &quot;/Users/ruudandriessen/study/2imv15\ -\ Simulation\ in\ computer\ graphics/Assignment1/ParticleToy/Makefile&quot;  VERBOSE=1 clean"/>
				</MakeCommands>
			</Target>
			<Target title="edit_cache">
				<Option working_dir="/Users/ruudandriessen/study/2imv15 - Simulation in computer graphics/Assignment1/ParticleToy"/>
				<Option type="4"/>
				<MakeCommands>
					<Build command="/usr/bin/make -j8 -f &quot;/Users/ruudandriessen/study/2imv15\ -\ Simulation\ in\ computer\ graphics/Assignment1/ParticleToy/Makefile&quot;  VERBOSE=1 edit_cache"/>
					<CompileFile command="/usr/bin/make -j8 -f &quot;/Users/ruudandriessen/study/2imv15\ -\ Simulation\ in\ computer\ graphics/Assignment1/ParticleToy/Makefile&quot;  VERBOSE=1 &quot;$file&quot;"/>
					<Clean command="/usr/bin/make -j8 -f &quot;/Users/ruudandriessen/study/2imv15\ -\ Simulation\ in\ computer\ graphics/Assignment1/ParticleToy/Makefile&quot;  VERBOSE=1 clean"/>
					<DistClean command="/usr/bin/make -j8 -f &quot;/Users/ruudandriessen/study/2imv15\ -\ Simulation\ in\ computer\ graphics/Assignment1/ParticleToy/Makefile&quot;  VERBOSE=1 clean"/>
				</MakeCommands>
			</Target>
			<Target title="rebuild_cache">
				<Option working_dir="/Users/ruudandriessen/study/2imv15 - Simulation in computer graphics/Assignment1/ParticleToy"/>
				<Option type="4"/>
				<MakeCommands>
					<Build command="/usr/bin/make -j8 -f &quot;/Users/ruudandriessen/study/2imv15\ -\ Simulation\ in\ computer\ graphics/Assignment1/ParticleToy/Makefile&quot;  VERBOSE=1 rebuild_cache"/>
					<CompileFile command="/usr/bin/make -j8 -f &quot;/Users/ruudandriessen/study/2imv15\ -\ Simulation\ in\ computer\ graphics/Assignment1/ParticleToy/Makefile&quot;  VERBOSE=1 &quot;$file&quot;"/>
					<Clean command="/usr/bin/make -j8 -f &quot;/Users/ruudandriessen/study/2imv15\ -\ Simulation\ in\ computer\ graphics/Assignment1/ParticleToy/Makefile&quot;  VERBOSE=1 clean"/>
					<DistClean command="/usr/bin/make -j8 -f &quot;/Users/ruudandriessen/study/2imv15\ -\ Simulation\ in\ computer\ graphics/Assignment1/ParticleToy/Makefile&quot;  VERBOSE=1 clean"/>
				</MakeCommands>
			</Target>
			<Target title="ParticleToy">
				<Option output="/Users/ruudandriessen/study/2imv15 - Simulation in computer graphics/Assignment1/ParticleToy/ParticleToy" prefix_auto="0" extension_auto="0"/>
				<Option working_dir="/Users/ruudandriessen/study/2imv15 - Simulation in computer graphics/Assignment1/ParticleToy"/>
				<Option object_output="./"/>
				<Option type="1"/>
				<Option compiler="gcc"/>
				<Compiler>
					<Add directory="/usr/local/include"/>
					<Add directory="/Applications/Xcode.app/Contents/Developer/Toolchains/XcodeDefault.xctoolchain/usr/bin/../lib/clang/8.1.0/include"/>
					<Add directory="/Applications/Xcode.app/Contents/Developer/Toolchains/XcodeDefault.xctoolchain/usr/include"/>
					<Add directory="/System/Library/Frameworks"/>
					<Add directory="/Library/Frameworks"/>
					<Add directory="/Applications/Xcode.app/Contents/Developer/Toolchains/XcodeDefault.xctoolchain/usr/bin/../include/c++/v1"/>
				</Compiler>
				<MakeCommands>
					<Build command="/usr/bin/make -j8 -f &quot;/Users/ruudandriessen/study/2imv15\ -\ Simulation\ in\ computer\ graphics/Assignment1/ParticleToy/Makefile&quot;  VERBOSE=1 ParticleToy"/>
					<CompileFile command="/usr/bin/make -j8 -f &quot;/Users/ruudandriessen/study/2imv15\ -\ Simulation\ in\ computer\ graphics/Assignment1/ParticleToy/Makefile&quot;  VERBOSE=1 &quot;$file&quot;"/>
					<Clean command="/usr/bin/make -j8 -f &quot;/Users/ruudandriessen/study/2imv15\ -\ Simulation\ in\ computer\ graphics/Assignment1/ParticleToy/Makefile&quot;  VERBOSE=1 clean"/>
					<DistClean command="/usr/bin/make -j8 -f &quot;/Users/ruudandriessen/study/2imv15\ -\ Simulation\ in\ computer\ graphics/Assignment1/ParticleToy/Makefile&quot;  VERBOSE=1 clean"/>
				</MakeCommands>
			</Target>
			<Target title="ParticleToy/fast">
				<Option output="/Users/ruudandriessen/study/2imv15 - Simulation in computer graphics/Assignment1/ParticleToy/ParticleToy" prefix_auto="0" extension_auto="0"/>
				<Option working_dir="/Users/ruudandriessen/study/2imv15 - Simulation in computer graphics/Assignment1/ParticleToy"/>
				<Option object_output="./"/>
				<Option type="1"/>
				<Option compiler="gcc"/>
				<Compiler>
					<Add directory="/usr/local/include"/>
					<Add directory="/Applications/Xcode.app/Contents/Developer/Toolchains/XcodeDefault.xctoolchain/usr/bin/../lib/clang/8.1.0/include"/>
					<Add directory="/Applications/Xcode.app/Contents/Developer/Toolchains/XcodeDefault.xctoolchain/usr/include"/>
					<Add directory="/System/Library/Frameworks"/>
					<Add directory="/Library/Frameworks"/>
					<Add directory="/Applications/Xcode.app/Contents/Developer/Toolchains/XcodeDefault.xctoolchain/usr/bin/../include/c++/v1"/>
				</Compiler>
				<MakeCommands>
					<Build command="/usr/bin/make -j8 -f &quot;/Users/ruudandriessen/study/2imv15\ -\ Simulation\ in\ computer\ graphics/Assignment1/ParticleToy/Makefile&quot;  VERBOSE=1 ParticleToy/fast"/>
					<CompileFile command="/usr/bin/make -j8 -f &quot;/Users/ruudandriessen/study/2imv15\ -\ Simulation\ in\ computer\ graphics/Assignment1/ParticleToy/Makefile&quot;  VERBOSE=1 &quot;$file&quot;"/>
					<Clean command="/usr/bin/make -j8 -f &quot;/Users/ruudandriessen/study/2imv15\ -\ Simulation\ in\ computer\ graphics/Assignment1/ParticleToy/Makefile&quot;  VERBOSE=1 clean"/>
					<DistClean command="/usr/bin/make -j8 -f &quot;/Users/ruudandriessen/study/2imv15\ -\ Simulation\ in\ computer\ graphics/Assignment1/ParticleToy/Makefile&quot;  VERBOSE=1 clean"/>
				</MakeCommands>
			</Target>
		</Build>
		<Unit filename="/Users/ruudandriessen/study/2imv15 - Simulation in computer graphics/Assignment1/ParticleToy/CircularWireConstraint.cpp">
			<Option target="ParticleToy"/>
		</Unit>
		<Unit filename="/Users/ruudandriessen/study/2imv15 - Simulation in computer graphics/Assignment1/ParticleToy/CircularWireConstraint.h">
			<Option target="ParticleToy"/>
		</Unit>
		<Unit filename="/Users/ruudandriessen/study/2imv15 - Simulation in computer graphics/Assignment1/ParticleToy/Particle.cpp">
			<Option target="ParticleToy"/>
		</Unit>
		<Unit filename="/Users/ruudandriessen/study/2imv15 - Simulation in computer graphics/Assignment1/ParticleToy/Particle.h">
			<Option target="ParticleToy"/>
		</Unit>
		<Unit filename="/Users/ruudandriessen/study/2imv15 - Simulation in computer graphics/Assignment1/ParticleToy/ParticleToy.cpp">
			<Option target="ParticleToy"/>
		</Unit>
		<Unit filename="/Users/ruudandriessen/study/2imv15 - Simulation in computer graphics/Assignment1/ParticleToy/RodConstraint.cpp">
			<Option target="ParticleToy"/>
		</Unit>
		<Unit filename="/Users/ruudandriessen/study/2imv15 - Simulation in computer graphics/Assignment1/ParticleToy/RodConstraint.h">
			<Option target="ParticleToy"/>
		</Unit>
		<Unit filename="/Users/ruudandriessen/study/2imv15 - Simulation in computer graphics/Assignment1/ParticleToy/Solver.cpp">
			<Option target="ParticleToy"/>
		</Unit>
		<Unit filename="/Users/ruudandriessen/study/2imv15 - Simulation in computer graphics/Assignment1/ParticleToy/SpringForce.cpp">
			<Option target="ParticleToy"/>
		</Unit>
		<Unit filename="/Users/ruudandriessen/study/2imv15 - Simulation in computer graphics/Assignment1/ParticleToy/SpringForce.h">
			<Option target="ParticleToy"/>
		</Unit>
		<Unit filename="/Users/ruudandriessen/study/2imv15 - Simulation in computer graphics/Assignment1/ParticleToy/imageio.cpp">
			<Option target="ParticleToy"/>
		</Unit>
		<Unit filename="/Users/ruudandriessen/study/2imv15 - Simulation in computer graphics/Assignment1/ParticleToy/imageio.h">
			<Option target="ParticleToy"/>
		</Unit>
		<Unit filename="/Users/ruudandriessen/study/2imv15 - Simulation in computer graphics/Assignment1/ParticleToy/include/gfx/config.h">
			<Option target="ParticleToy"/>
		</Unit>
		<Unit filename="/Users/ruudandriessen/study/2imv15 - Simulation in computer graphics/Assignment1/ParticleToy/include/gfx/geom3d.h">
			<Option target="ParticleToy"/>
		</Unit>
		<Unit filename="/Users/ruudandriessen/study/2imv15 - Simulation in computer graphics/Assignment1/ParticleToy/include/gfx/geom4d.h">
			<Option target="ParticleToy"/>
		</Unit>
		<Unit filename="/Users/ruudandriessen/study/2imv15 - Simulation in computer graphics/Assignment1/ParticleToy/include/gfx/gfx.h">
			<Option target="ParticleToy"/>
		</Unit>
		<Unit filename="/Users/ruudandriessen/study/2imv15 - Simulation in computer graphics/Assignment1/ParticleToy/include/gfx/mat2.h">
			<Option target="ParticleToy"/>
		</Unit>
		<Unit filename="/Users/ruudandriessen/study/2imv15 - Simulation in computer graphics/Assignment1/ParticleToy/include/gfx/mat3.h">
			<Option target="ParticleToy"/>
		</Unit>
		<Unit filename="/Users/ruudandriessen/study/2imv15 - Simulation in computer graphics/Assignment1/ParticleToy/include/gfx/mat4.h">
			<Option target="ParticleToy"/>
		</Unit>
		<Unit filename="/Users/ruudandriessen/study/2imv15 - Simulation in computer graphics/Assignment1/ParticleToy/include/gfx/quat.h">
			<Option target="ParticleToy"/>
		</Unit>
		<Unit filename="/Users/ruudandriessen/study/2imv15 - Simulation in computer graphics/Assignment1/ParticleToy/include/gfx/symmat2.h">
			<Option target="ParticleToy"/>
		</Unit>
		<Unit filename="/Users/ruudandriessen/study/2imv15 - Simulation in computer graphics/Assignment1/ParticleToy/include/gfx/symmat3.h">
			<Option target="ParticleToy"/>
		</Unit>
		<Unit filename="/Users/ruudandriessen/study/2imv15 - Simulation in computer graphics/Assignment1/ParticleToy/include/gfx/symmat4.h">
			<Option target="ParticleToy"/>
		</Unit>
		<Unit filename="/Users/ruudandriessen/study/2imv15 - Simulation in computer graphics/Assignment1/ParticleToy/include/gfx/vec2.h">
			<Option target="ParticleToy"/>
		</Unit>
		<Unit filename="/Users/ruudandriessen/study/2imv15 - Simulation in computer graphics/Assignment1/ParticleToy/include/gfx/vec3.h">
			<Option target="ParticleToy"/>
		</Unit>
		<Unit filename="/Users/ruudandriessen/study/2imv15 - Simulation in computer graphics/Assignment1/ParticleToy/include/gfx/vec4.h">
			<Option target="ParticleToy"/>
		</Unit>
		<Unit filename="/Users/ruudandriessen/study/2imv15 - Simulation in computer graphics/Assignment1/ParticleToy/linearSolver.cpp">
			<Option target="ParticleToy"/>
		</Unit>
		<Unit filename="/Users/ruudandriessen/study/2imv15 - Simulation in computer graphics/Assignment1/ParticleToy/linearSolver.h">
			<Option target="ParticleToy"/>
		</Unit>
		<Unit filename="/Users/ruudandriessen/study/2imv15 - Simulation in computer graphics/Assignment1/ParticleToy/CMakeLists.txt">
			<Option virtualFolder="CMake Files\"/>
		</Unit>
	</Project>
</CodeBlocks_project_file>
